// !$*UTF8*$!
{
	archiveVersion = 1;
	classes = {
	};
	objectVersion = 46;
	objects = {

/* Begin PBXBuildFile section */
		F795BC59136DEC4A0048B44B /* CSServerTableViewCell.m in Sources */ = {isa = PBXBuildFile; fileRef = F795BC56136DEC4A0048B44B /* CSServerTableViewCell.m */; };
		F795BC5A136DEC4A0048B44B /* CSServerTableViewController.m in Sources */ = {isa = PBXBuildFile; fileRef = F795BC58136DEC4A0048B44B /* CSServerTableViewController.m */; };
		F795BC67136DEDEF0048B44B /* Menlo.ttc in Resources */ = {isa = PBXBuildFile; fileRef = F795BC65136DEDEF0048B44B /* Menlo.ttc */; };
		F795BC68136DEDEF0048B44B /* Monaco.dfont in Resources */ = {isa = PBXBuildFile; fileRef = F795BC66136DEDEF0048B44B /* Monaco.dfont */; };
		F7CF810513624C78003A8E09 /* Servers.plist in Resources */ = {isa = PBXBuildFile; fileRef = F7CF810413624C78003A8E09 /* Servers.plist */; };
		F7CF810813624C90003A8E09 /* GlobalPreferences.plist in Resources */ = {isa = PBXBuildFile; fileRef = F7CF810713624C90003A8E09 /* GlobalPreferences.plist */; };
		F7D6850C1357DADC003EF72B /* UIKit.framework in Frameworks */ = {isa = PBXBuildFile; fileRef = F7D6850B1357DADC003EF72B /* UIKit.framework */; };
		F7D6850E1357DADC003EF72B /* Foundation.framework in Frameworks */ = {isa = PBXBuildFile; fileRef = F7D6850D1357DADC003EF72B /* Foundation.framework */; };
		F7D685101357DADC003EF72B /* CoreGraphics.framework in Frameworks */ = {isa = PBXBuildFile; fileRef = F7D6850F1357DADC003EF72B /* CoreGraphics.framework */; };
		F7D685141357DADD003EF72B /* ChatosaurusAppDelegate.h in Resources */ = {isa = PBXBuildFile; fileRef = F7D685131357DADD003EF72B /* ChatosaurusAppDelegate.h */; };
		F7D685161357DADD003EF72B /* ChatosaurusAppDelegate.m in Sources */ = {isa = PBXBuildFile; fileRef = F7D685151357DADD003EF72B /* ChatosaurusAppDelegate.m */; };
		F7D685191357DADD003EF72B /* main.m in Sources */ = {isa = PBXBuildFile; fileRef = F7D685181357DADD003EF72B /* main.m */; };
		F7D685201357DADD003EF72B /* InfoPlist.strings in Resources */ = {isa = PBXBuildFile; fileRef = F7D6851E1357DADD003EF72B /* InfoPlist.strings */; };
		F7D685531357DD43003EF72B /* CSMessageCollection.m in Sources */ = {isa = PBXBuildFile; fileRef = F7D685521357DD43003EF72B /* CSMessageCollection.m */; };
		F7D685561357DD5A003EF72B /* CSChannelViewController.m in Sources */ = {isa = PBXBuildFile; fileRef = F7D685551357DD5A003EF72B /* CSChannelViewController.m */; };
		F7D685591357DDEA003EF72B /* CSServerView.m in Sources */ = {isa = PBXBuildFile; fileRef = F7D685581357DDEA003EF72B /* CSServerView.m */; };
		F7D6855F1357DE25003EF72B /* CSChannelGridView.m in Sources */ = {isa = PBXBuildFile; fileRef = F7D6855E1357DE25003EF72B /* CSChannelGridView.m */; };
		F7D685621357DE57003EF72B /* CSServerViewController.m in Sources */ = {isa = PBXBuildFile; fileRef = F7D685611357DE57003EF72B /* CSServerViewController.m */; };
		F7D685651357DE7A003EF72B /* CSNotificationView.m in Sources */ = {isa = PBXBuildFile; fileRef = F7D685641357DE7A003EF72B /* CSNotificationView.m */; };
		F7D685681357DE94003EF72B /* CSChatView.m in Sources */ = {isa = PBXBuildFile; fileRef = F7D685671357DE94003EF72B /* CSChatView.m */; };
		F7D6856B1357DEA4003EF72B /* CSChatViewController.m in Sources */ = {isa = PBXBuildFile; fileRef = F7D6856A1357DEA4003EF72B /* CSChatViewController.m */; };
		F7D6856E1357DEC2003EF72B /* CSGlobalPreferencesView.m in Sources */ = {isa = PBXBuildFile; fileRef = F7D6856D1357DEC2003EF72B /* CSGlobalPreferencesView.m */; };
		F7D685711357DED5003EF72B /* CSServerConfigView.m in Sources */ = {isa = PBXBuildFile; fileRef = F7D685701357DED5003EF72B /* CSServerConfigView.m */; };
		F7D685751357DF10003EF72B /* CSIRCProtocol.m in Sources */ = {isa = PBXBuildFile; fileRef = F7D685741357DF10003EF72B /* CSIRCProtocol.m */; };
		F7D6857E1357DF82003EF72B /* CSJabberProtocol.m in Sources */ = {isa = PBXBuildFile; fileRef = F7D6857D1357DF82003EF72B /* CSJabberProtocol.m */; };
		F7D685811357DF93003EF72B /* CSMSNProtocol.m in Sources */ = {isa = PBXBuildFile; fileRef = F7D685801357DF92003EF72B /* CSMSNProtocol.m */; };
		F7D6858C1357E18C003EF72B /* CSChannelViewCell.m in Sources */ = {isa = PBXBuildFile; fileRef = F7D6858B1357E18C003EF72B /* CSChannelViewCell.m */; };
		F7D6858F1357E1AE003EF72B /* CSChannelView.m in Sources */ = {isa = PBXBuildFile; fileRef = F7D6858E1357E1AE003EF72B /* CSChannelView.m */; };
		F7D685921357E270003EF72B /* CSMessage.m in Sources */ = {isa = PBXBuildFile; fileRef = F7D685911357E270003EF72B /* CSMessage.m */; };
		F7D6859D1357EC3C003EF72B /* Protocols.m in Sources */ = {isa = PBXBuildFile; fileRef = F7D6859C1357EC3C003EF72B /* Protocols.m */; };
/* End PBXBuildFile section */

/* Begin PBXFileReference section */
		F795BC55136DEC4A0048B44B /* CSServerTableViewCell.h */ = {isa = PBXFileReference; fileEncoding = 4; lastKnownFileType = sourcecode.c.h; name = CSServerTableViewCell.h; path = Classes/CSServerTableViewCell.h; sourceTree = "<group>"; };
		F795BC56136DEC4A0048B44B /* CSServerTableViewCell.m */ = {isa = PBXFileReference; fileEncoding = 4; lastKnownFileType = sourcecode.c.objc; name = CSServerTableViewCell.m; path = Classes/CSServerTableViewCell.m; sourceTree = "<group>"; };
		F795BC57136DEC4A0048B44B /* CSServerTableViewController.h */ = {isa = PBXFileReference; fileEncoding = 4; lastKnownFileType = sourcecode.c.h; name = CSServerTableViewController.h; path = Classes/CSServerTableViewController.h; sourceTree = "<group>"; };
		F795BC58136DEC4A0048B44B /* CSServerTableViewController.m */ = {isa = PBXFileReference; fileEncoding = 4; lastKnownFileType = sourcecode.c.objc; name = CSServerTableViewController.m; path = Classes/CSServerTableViewController.m; sourceTree = "<group>"; };
		F795BC65136DEDEF0048B44B /* Menlo.ttc */ = {isa = PBXFileReference; lastKnownFileType = file; path = Menlo.ttc; sourceTree = "<group>"; };
		F795BC66136DEDEF0048B44B /* Monaco.dfont */ = {isa = PBXFileReference; lastKnownFileType = file; path = Monaco.dfont; sourceTree = "<group>"; };
		F7CF810413624C78003A8E09 /* Servers.plist */ = {isa = PBXFileReference; fileEncoding = 4; lastKnownFileType = text.plist.xml; path = Servers.plist; sourceTree = "<group>"; };
		F7CF810713624C90003A8E09 /* GlobalPreferences.plist */ = {isa = PBXFileReference; fileEncoding = 4; lastKnownFileType = text.plist.xml; path = GlobalPreferences.plist; sourceTree = "<group>"; };
		F7D685071357DADC003EF72B /* Chatosaurus.app */ = {isa = PBXFileReference; explicitFileType = wrapper.application; includeInIndex = 0; path = Chatosaurus.app; sourceTree = BUILT_PRODUCTS_DIR; };
		F7D6850B1357DADC003EF72B /* UIKit.framework */ = {isa = PBXFileReference; lastKnownFileType = wrapper.framework; name = UIKit.framework; path = System/Library/Frameworks/UIKit.framework; sourceTree = SDKROOT; };
		F7D6850D1357DADC003EF72B /* Foundation.framework */ = {isa = PBXFileReference; lastKnownFileType = wrapper.framework; name = Foundation.framework; path = System/Library/Frameworks/Foundation.framework; sourceTree = SDKROOT; };
		F7D6850F1357DADC003EF72B /* CoreGraphics.framework */ = {isa = PBXFileReference; lastKnownFileType = wrapper.framework; name = CoreGraphics.framework; path = System/Library/Frameworks/CoreGraphics.framework; sourceTree = SDKROOT; };
		F7D685131357DADD003EF72B /* ChatosaurusAppDelegate.h */ = {isa = PBXFileReference; lastKnownFileType = sourcecode.c.h; name = ChatosaurusAppDelegate.h; path = Classes/ChatosaurusAppDelegate.h; sourceTree = "<group>"; };
		F7D685151357DADD003EF72B /* ChatosaurusAppDelegate.m */ = {isa = PBXFileReference; lastKnownFileType = sourcecode.c.objc; name = ChatosaurusAppDelegate.m; path = Classes/ChatosaurusAppDelegate.m; sourceTree = "<group>"; };
		F7D685181357DADD003EF72B /* main.m */ = {isa = PBXFileReference; lastKnownFileType = sourcecode.c.objc; path = main.m; sourceTree = "<group>"; };
		F7D6851A1357DADD003EF72B /* Chatosaurus-Prefix.pch */ = {isa = PBXFileReference; lastKnownFileType = sourcecode.c.h; path = "Chatosaurus-Prefix.pch"; sourceTree = "<group>"; };
		F7D6851C1357DADD003EF72B /* Chatosaurus-Info.plist */ = {isa = PBXFileReference; lastKnownFileType = text.plist.xml; path = "Chatosaurus-Info.plist"; sourceTree = "<group>"; };
		F7D6851F1357DADD003EF72B /* en */ = {isa = PBXFileReference; lastKnownFileType = text.plist.strings; name = en; path = Languages/en.lproj/InfoPlist.strings; sourceTree = "<group>"; };
		F7D685511357DD43003EF72B /* CSMessageCollection.h */ = {isa = PBXFileReference; fileEncoding = 4; lastKnownFileType = sourcecode.c.h; name = CSMessageCollection.h; path = Classes/CSMessageCollection.h; sourceTree = "<group>"; };
		F7D685521357DD43003EF72B /* CSMessageCollection.m */ = {isa = PBXFileReference; fileEncoding = 4; lastKnownFileType = sourcecode.c.objc; name = CSMessageCollection.m; path = Classes/CSMessageCollection.m; sourceTree = "<group>"; };
		F7D685541357DD5A003EF72B /* CSChannelViewController.h */ = {isa = PBXFileReference; fileEncoding = 4; lastKnownFileType = sourcecode.c.h; name = CSChannelViewController.h; path = Classes/CSChannelViewController.h; sourceTree = "<group>"; };
		F7D685551357DD5A003EF72B /* CSChannelViewController.m */ = {isa = PBXFileReference; fileEncoding = 4; lastKnownFileType = sourcecode.c.objc; name = CSChannelViewController.m; path = Classes/CSChannelViewController.m; sourceTree = "<group>"; };
		F7D685571357DDEA003EF72B /* CSServerView.h */ = {isa = PBXFileReference; fileEncoding = 4; lastKnownFileType = sourcecode.c.h; name = CSServerView.h; path = Classes/CSServerView.h; sourceTree = "<group>"; };
		F7D685581357DDEA003EF72B /* CSServerView.m */ = {isa = PBXFileReference; fileEncoding = 4; lastKnownFileType = sourcecode.c.objc; name = CSServerView.m; path = Classes/CSServerView.m; sourceTree = "<group>"; };
		F7D6855D1357DE25003EF72B /* CSChannelGridView.h */ = {isa = PBXFileReference; fileEncoding = 4; lastKnownFileType = sourcecode.c.h; name = CSChannelGridView.h; path = Classes/CSChannelGridView.h; sourceTree = "<group>"; };
		F7D6855E1357DE25003EF72B /* CSChannelGridView.m */ = {isa = PBXFileReference; fileEncoding = 4; lastKnownFileType = sourcecode.c.objc; name = CSChannelGridView.m; path = Classes/CSChannelGridView.m; sourceTree = "<group>"; };
		F7D685601357DE57003EF72B /* CSServerViewController.h */ = {isa = PBXFileReference; fileEncoding = 4; lastKnownFileType = sourcecode.c.h; name = CSServerViewController.h; path = Classes/CSServerViewController.h; sourceTree = "<group>"; };
		F7D685611357DE57003EF72B /* CSServerViewController.m */ = {isa = PBXFileReference; fileEncoding = 4; lastKnownFileType = sourcecode.c.objc; name = CSServerViewController.m; path = Classes/CSServerViewController.m; sourceTree = "<group>"; };
		F7D685631357DE7A003EF72B /* CSNotificationView.h */ = {isa = PBXFileReference; fileEncoding = 4; lastKnownFileType = sourcecode.c.h; name = CSNotificationView.h; path = Classes/CSNotificationView.h; sourceTree = "<group>"; };
		F7D685641357DE7A003EF72B /* CSNotificationView.m */ = {isa = PBXFileReference; fileEncoding = 4; lastKnownFileType = sourcecode.c.objc; name = CSNotificationView.m; path = Classes/CSNotificationView.m; sourceTree = "<group>"; };
		F7D685661357DE94003EF72B /* CSChatView.h */ = {isa = PBXFileReference; fileEncoding = 4; lastKnownFileType = sourcecode.c.h; name = CSChatView.h; path = Classes/CSChatView.h; sourceTree = "<group>"; };
		F7D685671357DE94003EF72B /* CSChatView.m */ = {isa = PBXFileReference; fileEncoding = 4; lastKnownFileType = sourcecode.c.objc; name = CSChatView.m; path = Classes/CSChatView.m; sourceTree = "<group>"; };
		F7D685691357DEA4003EF72B /* CSChatViewController.h */ = {isa = PBXFileReference; fileEncoding = 4; lastKnownFileType = sourcecode.c.h; name = CSChatViewController.h; path = Classes/CSChatViewController.h; sourceTree = "<group>"; };
		F7D6856A1357DEA4003EF72B /* CSChatViewController.m */ = {isa = PBXFileReference; fileEncoding = 4; lastKnownFileType = sourcecode.c.objc; name = CSChatViewController.m; path = Classes/CSChatViewController.m; sourceTree = "<group>"; };
		F7D6856C1357DEC2003EF72B /* CSGlobalPreferencesView.h */ = {isa = PBXFileReference; fileEncoding = 4; lastKnownFileType = sourcecode.c.h; name = CSGlobalPreferencesView.h; path = Classes/CSGlobalPreferencesView.h; sourceTree = "<group>"; };
		F7D6856D1357DEC2003EF72B /* CSGlobalPreferencesView.m */ = {isa = PBXFileReference; fileEncoding = 4; lastKnownFileType = sourcecode.c.objc; name = CSGlobalPreferencesView.m; path = Classes/CSGlobalPreferencesView.m; sourceTree = "<group>"; };
		F7D6856F1357DED5003EF72B /* CSServerConfigView.h */ = {isa = PBXFileReference; fileEncoding = 4; lastKnownFileType = sourcecode.c.h; name = CSServerConfigView.h; path = Classes/CSServerConfigView.h; sourceTree = "<group>"; };
		F7D685701357DED5003EF72B /* CSServerConfigView.m */ = {isa = PBXFileReference; fileEncoding = 4; lastKnownFileType = sourcecode.c.objc; name = CSServerConfigView.m; path = Classes/CSServerConfigView.m; sourceTree = "<group>"; };
		F7D685731357DF10003EF72B /* CSIRCProtocol.h */ = {isa = PBXFileReference; fileEncoding = 4; lastKnownFileType = sourcecode.c.h; name = CSIRCProtocol.h; path = Classes/CSIRCProtocol.h; sourceTree = "<group>"; };
		F7D685741357DF10003EF72B /* CSIRCProtocol.m */ = {isa = PBXFileReference; fileEncoding = 4; lastKnownFileType = sourcecode.c.objc; name = CSIRCProtocol.m; path = Classes/CSIRCProtocol.m; sourceTree = "<group>"; };
		F7D6857C1357DF82003EF72B /* CSJabberProtocol.h */ = {isa = PBXFileReference; fileEncoding = 4; lastKnownFileType = sourcecode.c.h; name = CSJabberProtocol.h; path = Classes/CSJabberProtocol.h; sourceTree = "<group>"; };
		F7D6857D1357DF82003EF72B /* CSJabberProtocol.m */ = {isa = PBXFileReference; fileEncoding = 4; lastKnownFileType = sourcecode.c.objc; name = CSJabberProtocol.m; path = Classes/CSJabberProtocol.m; sourceTree = "<group>"; };
		F7D6857F1357DF92003EF72B /* CSMSNProtocol.h */ = {isa = PBXFileReference; fileEncoding = 4; lastKnownFileType = sourcecode.c.h; name = CSMSNProtocol.h; path = Classes/CSMSNProtocol.h; sourceTree = "<group>"; };
		F7D685801357DF92003EF72B /* CSMSNProtocol.m */ = {isa = PBXFileReference; fileEncoding = 4; lastKnownFileType = sourcecode.c.objc; name = CSMSNProtocol.m; path = Classes/CSMSNProtocol.m; sourceTree = "<group>"; };
		F7D6858A1357E18B003EF72B /* CSChannelViewCell.h */ = {isa = PBXFileReference; fileEncoding = 4; lastKnownFileType = sourcecode.c.h; name = CSChannelViewCell.h; path = Classes/CSChannelViewCell.h; sourceTree = "<group>"; };
		F7D6858B1357E18C003EF72B /* CSChannelViewCell.m */ = {isa = PBXFileReference; fileEncoding = 4; lastKnownFileType = sourcecode.c.objc; name = CSChannelViewCell.m; path = Classes/CSChannelViewCell.m; sourceTree = "<group>"; };
		F7D6858D1357E1AD003EF72B /* CSChannelView.h */ = {isa = PBXFileReference; fileEncoding = 4; lastKnownFileType = sourcecode.c.h; name = CSChannelView.h; path = Classes/CSChannelView.h; sourceTree = "<group>"; };
		F7D6858E1357E1AE003EF72B /* CSChannelView.m */ = {isa = PBXFileReference; fileEncoding = 4; lastKnownFileType = sourcecode.c.objc; name = CSChannelView.m; path = Classes/CSChannelView.m; sourceTree = "<group>"; };
		F7D685901357E270003EF72B /* CSMessage.h */ = {isa = PBXFileReference; fileEncoding = 4; lastKnownFileType = sourcecode.c.h; name = CSMessage.h; path = Classes/CSMessage.h; sourceTree = "<group>"; };
		F7D685911357E270003EF72B /* CSMessage.m */ = {isa = PBXFileReference; fileEncoding = 4; lastKnownFileType = sourcecode.c.objc; name = CSMessage.m; path = Classes/CSMessage.m; sourceTree = "<group>"; };
		F7D6859B1357EC3C003EF72B /* Protocols.h */ = {isa = PBXFileReference; fileEncoding = 4; lastKnownFileType = sourcecode.c.h; name = Protocols.h; path = Classes/Protocols.h; sourceTree = "<group>"; };
		F7D6859C1357EC3C003EF72B /* Protocols.m */ = {isa = PBXFileReference; fileEncoding = 4; lastKnownFileType = sourcecode.c.objc; name = Protocols.m; path = Classes/Protocols.m; sourceTree = "<group>"; };
/* End PBXFileReference section */

/* Begin PBXFrameworksBuildPhase section */
		F7D685041357DADC003EF72B /* Frameworks */ = {
			isa = PBXFrameworksBuildPhase;
			buildActionMask = 2147483647;
			files = (
				F7D6850C1357DADC003EF72B /* UIKit.framework in Frameworks */,
				F7D6850E1357DADC003EF72B /* Foundation.framework in Frameworks */,
				F7D685101357DADC003EF72B /* CoreGraphics.framework in Frameworks */,
			);
			runOnlyForDeploymentPostprocessing = 0;
		};
/* End PBXFrameworksBuildPhase section */

/* Begin PBXGroup section */
		1397800F13623121006BA0A0 /* Root */ = {
			isa = PBXGroup;
			children = (
			);
			name = Root;
			sourceTree = "<group>";
		};
		F7D684FC1357DADC003EF72B = {
			isa = PBXGroup;
			children = (
				F7D685111357DADC003EF72B /* Chatosaurus */,
				F7D6850A1357DADC003EF72B /* Frameworks */,
				F7D685081357DADC003EF72B /* Products */,
			);
			sourceTree = "<group>";
		};
		F7D685081357DADC003EF72B /* Products */ = {
			isa = PBXGroup;
			children = (
				F7D685071357DADC003EF72B /* Chatosaurus.app */,
			);
			name = Products;
			sourceTree = "<group>";
		};
		F7D6850A1357DADC003EF72B /* Frameworks */ = {
			isa = PBXGroup;
			children = (
				F7D6850B1357DADC003EF72B /* UIKit.framework */,
				F7D6850D1357DADC003EF72B /* Foundation.framework */,
				F7D6850F1357DADC003EF72B /* CoreGraphics.framework */,
			);
			name = Frameworks;
			sourceTree = "<group>";
		};
		F7D685111357DADC003EF72B /* Chatosaurus */ = {
			isa = PBXGroup;
			children = (
				F7D685121357DADD003EF72B /* Classes */,
				F7D685171357DADD003EF72B /* Other Sources */,
				F7D6851B1357DADD003EF72B /* Resources */,
				F7D6851D1357DADD003EF72B /* Supporting Files */,
			);
			path = Chatosaurus;
			sourceTree = "<group>";
		};
		F7D685121357DADD003EF72B /* Classes */ = {
			isa = PBXGroup;
			children = (
				F7D6852E1357DB3A003EF72B /* Application */,
				1397800F13623121006BA0A0 /* Root */,
				F7D685341357DBDA003EF72B /* Configuration */,
				F7D685321357DB97003EF72B /* Message */,
				F7D685311357DB8E003EF72B /* Channel */,
				F7D685301357DB61003EF72B /* Server */,
				F7D6852F1357DB4C003EF72B /* Data Model */,
				F7D685721357DEE6003EF72B /* Protocols */,
			);
			name = Classes;
			sourceTree = "<group>";
		};
		F7D685171357DADD003EF72B /* Other Sources */ = {
			isa = PBXGroup;
			children = (
				F7D685181357DADD003EF72B /* main.m */,
				F7D6851A1357DADD003EF72B /* Chatosaurus-Prefix.pch */,
			);
			name = "Other Sources";
			sourceTree = "<group>";
		};
		F7D6851B1357DADD003EF72B /* Resources */ = {
			isa = PBXGroup;
			children = (
				F795BC65136DEDEF0048B44B /* Menlo.ttc */,
				F795BC66136DEDEF0048B44B /* Monaco.dfont */,
				F7D6851C1357DADD003EF72B /* Chatosaurus-Info.plist */,
				F7CF810413624C78003A8E09 /* Servers.plist */,
				F7CF810713624C90003A8E09 /* GlobalPreferences.plist */,
			);
			name = Resources;
			sourceTree = "<group>";
		};
		F7D6851D1357DADD003EF72B /* Supporting Files */ = {
			isa = PBXGroup;
			children = (
				F7D6851E1357DADD003EF72B /* InfoPlist.strings */,
			);
			name = "Supporting Files";
			sourceTree = "<group>";
		};
		F7D6852E1357DB3A003EF72B /* Application */ = {
			isa = PBXGroup;
			children = (
				F7D685131357DADD003EF72B /* ChatosaurusAppDelegate.h */,
				F7D685151357DADD003EF72B /* ChatosaurusAppDelegate.m */,
			);
			name = Application;
			sourceTree = "<group>";
		};
		F7D6852F1357DB4C003EF72B /* Data Model */ = {
			isa = PBXGroup;
			children = (
				F7D685511357DD43003EF72B /* CSMessageCollection.h */,
				F7D685521357DD43003EF72B /* CSMessageCollection.m */,
				F7D685901357E270003EF72B /* CSMessage.h */,
				F7D685911357E270003EF72B /* CSMessage.m */,
			);
			name = "Data Model";
			sourceTree = "<group>";
		};
		F7D685301357DB61003EF72B /* Server */ = {
			isa = PBXGroup;
			children = (
				F795BC55136DEC4A0048B44B /* CSServerTableViewCell.h */,
				F795BC56136DEC4A0048B44B /* CSServerTableViewCell.m */,
				F795BC57136DEC4A0048B44B /* CSServerTableViewController.h */,
				F795BC58136DEC4A0048B44B /* CSServerTableViewController.m */,
				F7D685601357DE57003EF72B /* CSServerViewController.h */,
				F7D685611357DE57003EF72B /* CSServerViewController.m */,
				F7D685571357DDEA003EF72B /* CSServerView.h */,
				F7D685581357DDEA003EF72B /* CSServerView.m */,
			);
			name = Server;
			sourceTree = "<group>";
		};
		F7D685311357DB8E003EF72B /* Channel */ = {
			isa = PBXGroup;
			children = (
				F7D685541357DD5A003EF72B /* CSChannelViewController.h */,
				F7D685551357DD5A003EF72B /* CSChannelViewController.m */,
				F7D6855D1357DE25003EF72B /* CSChannelGridView.h */,
				F7D6855E1357DE25003EF72B /* CSChannelGridView.m */,
				F7D6858A1357E18B003EF72B /* CSChannelViewCell.h */,
				F7D6858B1357E18C003EF72B /* CSChannelViewCell.m */,
				F7D6858D1357E1AD003EF72B /* CSChannelView.h */,
				F7D6858E1357E1AE003EF72B /* CSChannelView.m */,
			);
			name = Channel;
			sourceTree = "<group>";
		};
		F7D685321357DB97003EF72B /* Message */ = {
			isa = PBXGroup;
			children = (
				F7D685631357DE7A003EF72B /* CSNotificationView.h */,
				F7D685641357DE7A003EF72B /* CSNotificationView.m */,
				F7D685691357DEA4003EF72B /* CSChatViewController.h */,
				F7D6856A1357DEA4003EF72B /* CSChatViewController.m */,
				F7D685661357DE94003EF72B /* CSChatView.h */,
				F7D685671357DE94003EF72B /* CSChatView.m */,
			);
			name = Message;
			sourceTree = "<group>";
		};
		F7D685341357DBDA003EF72B /* Configuration */ = {
			isa = PBXGroup;
			children = (
				F7D6856C1357DEC2003EF72B /* CSGlobalPreferencesView.h */,
				F7D6856D1357DEC2003EF72B /* CSGlobalPreferencesView.m */,
				F7D6856F1357DED5003EF72B /* CSServerConfigView.h */,
				F7D685701357DED5003EF72B /* CSServerConfigView.m */,
			);
			name = Configuration;
			sourceTree = "<group>";
		};
		F7D685721357DEE6003EF72B /* Protocols */ = {
			isa = PBXGroup;
			children = (
				F7D685731357DF10003EF72B /* CSIRCProtocol.h */,
				F7D685741357DF10003EF72B /* CSIRCProtocol.m */,
				F7D6857C1357DF82003EF72B /* CSJabberProtocol.h */,
				F7D6857D1357DF82003EF72B /* CSJabberProtocol.m */,
				F7D6857F1357DF92003EF72B /* CSMSNProtocol.h */,
				F7D685801357DF92003EF72B /* CSMSNProtocol.m */,
				F7D6859B1357EC3C003EF72B /* Protocols.h */,
				F7D6859C1357EC3C003EF72B /* Protocols.m */,
			);
			name = Protocols;
			sourceTree = "<group>";
		};
/* End PBXGroup section */

/* Begin PBXNativeTarget section */
		F7D685061357DADC003EF72B /* Chatosaurus */ = {
			isa = PBXNativeTarget;
			buildConfigurationList = F7D685231357DADD003EF72B /* Build configuration list for PBXNativeTarget "Chatosaurus" */;
			buildPhases = (
				F7D685031357DADC003EF72B /* Sources */,
				F7D685041357DADC003EF72B /* Frameworks */,
				F7D685051357DADC003EF72B /* Resources */,
			);
			buildRules = (
			);
			dependencies = (
			);
			name = Chatosaurus;
			productName = Chatosaurus;
			productReference = F7D685071357DADC003EF72B /* Chatosaurus.app */;
			productType = "com.apple.product-type.application";
		};
/* End PBXNativeTarget section */

/* Begin PBXProject section */
		F7D684FE1357DADC003EF72B /* Project object */ = {
			isa = PBXProject;
			attributes = {
				ORGANIZATIONNAME = home;
			};
			buildConfigurationList = F7D685011357DADC003EF72B /* Build configuration list for PBXProject "Chatosaurus" */;
			compatibilityVersion = "Xcode 3.2";
			developmentRegion = English;
			hasScannedForEncodings = 0;
			knownRegions = (
				en,
			);
			mainGroup = F7D684FC1357DADC003EF72B;
			productRefGroup = F7D685081357DADC003EF72B /* Products */;
			projectDirPath = "";
			projectRoot = "";
			targets = (
				F7D685061357DADC003EF72B /* Chatosaurus */,
			);
		};
/* End PBXProject section */

/* Begin PBXResourcesBuildPhase section */
		F7D685051357DADC003EF72B /* Resources */ = {
			isa = PBXResourcesBuildPhase;
			buildActionMask = 2147483647;
			files = (
				F7D685141357DADD003EF72B /* ChatosaurusAppDelegate.h in Resources */,
				F7D685201357DADD003EF72B /* InfoPlist.strings in Resources */,
				F7CF810513624C78003A8E09 /* Servers.plist in Resources */,
				F7CF810813624C90003A8E09 /* GlobalPreferences.plist in Resources */,
				F795BC67136DEDEF0048B44B /* Menlo.ttc in Resources */,
				F795BC68136DEDEF0048B44B /* Monaco.dfont in Resources */,
			);
			runOnlyForDeploymentPostprocessing = 0;
		};
/* End PBXResourcesBuildPhase section */

/* Begin PBXSourcesBuildPhase section */
		F7D685031357DADC003EF72B /* Sources */ = {
			isa = PBXSourcesBuildPhase;
			buildActionMask = 2147483647;
			files = (
				F7D685161357DADD003EF72B /* ChatosaurusAppDelegate.m in Sources */,
				F7D685191357DADD003EF72B /* main.m in Sources */,
				F7D685531357DD43003EF72B /* CSMessageCollection.m in Sources */,
				F7D685561357DD5A003EF72B /* CSChannelViewController.m in Sources */,
				F7D685591357DDEA003EF72B /* CSServerView.m in Sources */,
				F7D6855F1357DE25003EF72B /* CSChannelGridView.m in Sources */,
				F7D685621357DE57003EF72B /* CSServerViewController.m in Sources */,
				F7D685651357DE7A003EF72B /* CSNotificationView.m in Sources */,
				F7D685681357DE94003EF72B /* CSChatView.m in Sources */,
				F7D6856B1357DEA4003EF72B /* CSChatViewController.m in Sources */,
				F7D6856E1357DEC2003EF72B /* CSGlobalPreferencesView.m in Sources */,
				F7D685711357DED5003EF72B /* CSServerConfigView.m in Sources */,
				F7D685751357DF10003EF72B /* CSIRCProtocol.m in Sources */,
				F7D6857E1357DF82003EF72B /* CSJabberProtocol.m in Sources */,
				F7D685811357DF93003EF72B /* CSMSNProtocol.m in Sources */,
				F7D6858C1357E18C003EF72B /* CSChannelViewCell.m in Sources */,
				F7D6858F1357E1AE003EF72B /* CSChannelView.m in Sources */,
				F7D685921357E270003EF72B /* CSMessage.m in Sources */,
				F7D6859D1357EC3C003EF72B /* Protocols.m in Sources */,
				F795BC59136DEC4A0048B44B /* CSServerTableViewCell.m in Sources */,
				F795BC5A136DEC4A0048B44B /* CSServerTableViewController.m in Sources */,
			);
			runOnlyForDeploymentPostprocessing = 0;
		};
/* End PBXSourcesBuildPhase section */

/* Begin PBXVariantGroup section */
		F7D6851E1357DADD003EF72B /* InfoPlist.strings */ = {
			isa = PBXVariantGroup;
			children = (
				F7D6851F1357DADD003EF72B /* en */,
			);
			name = InfoPlist.strings;
			sourceTree = "<group>";
		};
/* End PBXVariantGroup section */

/* Begin XCBuildConfiguration section */
		F7D685211357DADD003EF72B /* Debug */ = {
			isa = XCBuildConfiguration;
			buildSettings = {
				"CODE_SIGN_IDENTITY[sdk=iphoneos*]" = "iPhone Developer";
				GCC_C_LANGUAGE_STANDARD = gnu99;
				GCC_OPTIMIZATION_LEVEL = 0;
				GCC_PREPROCESSOR_DEFINITIONS = DEBUG;
				GCC_VERSION = com.apple.compilers.llvmgcc42;
				GCC_WARN_ABOUT_RETURN_TYPE = YES;
				GCC_WARN_UNUSED_VARIABLE = YES;
				IPHONEOS_DEPLOYMENT_TARGET = 4.3;
				SDKROOT = iphoneos;
				TARGETED_DEVICE_FAMILY = "1,2";
			};
			name = Debug;
		};
		F7D685221357DADD003EF72B /* Release */ = {
			isa = XCBuildConfiguration;
			buildSettings = {
				"CODE_SIGN_IDENTITY[sdk=iphoneos*]" = "iPhone Developer";
				GCC_C_LANGUAGE_STANDARD = gnu99;
				GCC_VERSION = com.apple.compilers.llvmgcc42;
				GCC_WARN_ABOUT_RETURN_TYPE = YES;
				GCC_WARN_UNUSED_VARIABLE = YES;
				IPHONEOS_DEPLOYMENT_TARGET = 4.3;
				OTHER_CFLAGS = "-DNS_BLOCK_ASSERTIONS=1";
				SDKROOT = iphoneos;
				TARGETED_DEVICE_FAMILY = "1,2";
			};
			name = Release;
		};
		F7D685241357DADD003EF72B /* Debug */ = {
			isa = XCBuildConfiguration;
			buildSettings = {
				ALWAYS_SEARCH_USER_PATHS = NO;
				COPY_PHASE_STRIP = NO;
				GCC_DYNAMIC_NO_PIC = NO;
				GCC_PRECOMPILE_PREFIX_HEADER = YES;
				GCC_PREFIX_HEADER = "Chatosaurus/Chatosaurus-Prefix.pch";
				INFOPLIST_FILE = "Chatosaurus/Chatosaurus-Info.plist";
				INSTALL_PATH = "$(LOCAL_APPS_DIR)";
				IPHONEOS_DEPLOYMENT_TARGET = 4.2;
				PRODUCT_NAME = "$(TARGET_NAME)";
				WRAPPER_EXTENSION = app;
			};
			name = Debug;
		};
		F7D685251357DADD003EF72B /* Release */ = {
			isa = XCBuildConfiguration;
			buildSettings = {
				ALWAYS_SEARCH_USER_PATHS = NO;
				COPY_PHASE_STRIP = YES;
				GCC_PRECOMPILE_PREFIX_HEADER = YES;
				GCC_PREFIX_HEADER = "Chatosaurus/Chatosaurus-Prefix.pch";
				INFOPLIST_FILE = "Chatosaurus/Chatosaurus-Info.plist";
				INSTALL_PATH = "$(LOCAL_APPS_DIR)";
				IPHONEOS_DEPLOYMENT_TARGET = 4.2;
				PRODUCT_NAME = "$(TARGET_NAME)";
				WRAPPER_EXTENSION = app;
			};
			name = Release;
		};
/* End XCBuildConfiguration section */

/* Begin XCConfigurationList section */
		F7D685011357DADC003EF72B /* Build configuration list for PBXProject "Chatosaurus" */ = {
			isa = XCConfigurationList;
			buildConfigurations = (
				F7D685211357DADD003EF72B /* Debug */,
				F7D685221357DADD003EF72B /* Release */,
			);
			defaultConfigurationIsVisible = 0;
			defaultConfigurationName = Release;
		};
		F7D685231357DADD003EF72B /* Build configuration list for PBXNativeTarget "Chatosaurus" */ = {
			isa = XCConfigurationList;
			buildConfigurations = (
				F7D685241357DADD003EF72B /* Debug */,
				F7D685251357DADD003EF72B /* Release */,
			);
			defaultConfigurationIsVisible = 0;
			defaultConfigurationName = Release;
		};
/* End XCConfigurationList section */
	};
	rootObject = F7D684FE1357DADC003EF72B /* Project object */;
}
